github.com/adityatelange/hugo-PaperMod v0.0.0-20250105143455-9f1f414be805 h1:gi6q4K4XngQJj1oCHJvIT9huDaW1PDcSvVR8/amBxLE=
github.com/adityatelange/hugo-PaperMod v0.0.0-20250105143455-9f1f414be805/go.mod h1:HCHxNMKYdGafUYjVV3ICiAqznZK2yH0iI53jqcDFDdQ=
github.com/adityatelange/hugo-PaperMod v0.0.0-20260125152547-3bb0ca281fd1 h1:nS0GAIWJZIxy1YWwGce18ePQHB7v1Y1sxUTOOrBAIeA=
github.com/adityatelange/hugo-PaperMod v0.0.0-20260125152547-3bb0ca281fd1/go.mod h1:HCHxNMKYdGafUYjVV3ICiAqznZK2yH0iI53jqcDFDdQ=
github.com/hugomods/images v0.11.2 h1:d7u3c/ePboeOGx8OI5eUnilpA79YvD7KJjUgqVMR83Y=
github.com/hugomods/images v0.11.2/go.mod h1:U6Gwj16LKvk66rOMyGFrnF6f0aV8lT89lqOsckOAjYY=
github.com/hugomods/images v0.12.3 h1:FiHZnFgbxn4SpxdY8harOxhYKA8WhAgibJoHhIe9sdU=
github.com/hugomods/images v0.12.3/go.mod h1:U6Gwj16LKvk66rOMyGFrnF6f0aV8lT89lqOsckOAjYY=
